
Microsoft Visual Studio Solution File, Format Version 12.00
# Visual Studio 15
VisualStudioVersion = 15.0.28307.572
MinimumVisualStudioVersion = 10.0.40219.1
Project("{FAE04EC0-301F-11D3-BF4B-00C04F79EFBC}") = "TaxCalc.Api", "TaxCalc.Api\TaxCalc.Api.csproj", "{B4E8BE44-62B2-42A6-B521-E196C7166989}"
EndProject
Project("{FAE04EC0-301F-11D3-BF4B-00C04F79EFBC}") = "TaxCalc.Core", "TaxCalc.Core\TaxCalc.Core.csproj", "{4DBE4DE1-E543-4912-A42A-7BEE9EF2DFF7}"
EndProject
Project("{FAE04EC0-301F-11D3-BF4B-00C04F79EFBC}") = "TaxCalc.Test", "TaxCalc.Test\TaxCalc.Test.csproj", "{679F12D0-0B63-46D3-A551-96382A97C89E}"
EndProject
Global
	GlobalSection(SolutionConfigurationPlatforms) = preSolution
		Debug|Any CPU = Debug|Any CPU
		Release|Any CPU = Release|Any CPU
	EndGlobalSection
	GlobalSection(ProjectConfigurationPlatforms) = postSolution
		{B4E8BE44-62B2-42A6-B521-E196C7166989}.Debug|Any CPU.ActiveCfg = Debug|Any CPU
		{B4E8BE44-62B2-42A6-B521-E196C7166989}.Debug|Any CPU.Build.0 = Debug|Any CPU
		{B4E8BE44-62B2-42A6-B521-E196C7166989}.Release|Any CPU.ActiveCfg = Release|Any CPU
		{B4E8BE44-62B2-42A6-B521-E196C7166989}.Release|Any CPU.Build.0 = Release|Any CPU
		{4DBE4DE1-E543-4912-A42A-7BEE9EF2DFF7}.Debug|Any CPU.ActiveCfg = Debug|Any CPU
		{4DBE4DE1-E543-4912-A42A-7BEE9EF2DFF7}.Debug|Any CPU.Build.0 = Debug|Any CPU
		{4DBE4DE1-E543-4912-A42A-7BEE9EF2DFF7}.Release|Any CPU.ActiveCfg = Release|Any CPU
		{4DBE4DE1-E543-4912-A42A-7BEE9EF2DFF7}.Release|Any CPU.Build.0 = Release|Any CPU
		{679F12D0-0B63-46D3-A551-96382A97C89E}.Debug|Any CPU.ActiveCfg = Debug|Any CPU
		{679F12D0-0B63-46D3-A551-96382A97C89E}.Debug|Any CPU.Build.0 = Debug|Any CPU
		{679F12D0-0B63-46D3-A551-96382A97C89E}.Release|Any CPU.ActiveCfg = Release|Any CPU
		{679F12D0-0B63-46D3-A551-96382A97C89E}.Release|Any CPU.Build.0 = Release|Any CPU
	EndGlobalSection
	GlobalSection(SolutionProperties) = preSolution
		HideSolutionNode = FALSE
	EndGlobalSection
	GlobalSection(ExtensibilityGlobals) = postSolution
		SolutionGuid = {49804E57-65C3-463F-9170-A3ADB98C4994}
	EndGlobalSection
EndGlobal
